
Microsoft Visual Studio Solution File, Format Version 12.00
# Visual Studio Version 16
VisualStudioVersion = 16.0.28729.10
MinimumVisualStudioVersion = 10.0.40219.1
Project("{FAE04EC0-301F-11D3-BF4B-00C04F79EFBC}") = "EFCorePoC", "EFCorePoC\EFCorePoC.csproj", "{2FA35CA7-90C7-4604-BD3E-8EF644B7EFF5}"
EndProject
Global
	GlobalSection(SolutionConfigurationPlatforms) = preSolution
		Debug|Any CPU = Debug|Any CPU
		Release|Any CPU = Release|Any CPU
	EndGlobalSection
	GlobalSection(ProjectConfigurationPlatforms) = postSolution
		{2FA35CA7-90C7-4604-BD3E-8EF644B7EFF5}.Debug|Any CPU.ActiveCfg = Debug|Any CPU
		{2FA35CA7-90C7-4604-BD3E-8EF644B7EFF5}.Debug|Any CPU.Build.0 = Debug|Any CPU
		{2FA35CA7-90C7-4604-BD3E-8EF644B7EFF5}.Release|Any CPU.ActiveCfg = Release|Any CPU
		{2FA35CA7-90C7-4604-BD3E-8EF644B7EFF5}.Release|Any CPU.Build.0 = Release|Any CPU
	EndGlobalSection
	GlobalSection(SolutionProperties) = preSolution
		HideSolutionNode = FALSE
	EndGlobalSection
	GlobalSection(ExtensibilityGlobals) = postSolution
		SolutionGuid = {F18192A4-B5E3-4214-97EB-80797F8CC525}
	EndGlobalSection
EndGlobal
